
Microsoft Visual Studio Solution File, Format Version 12.00
Project("{FAE04EC0-301F-11D3-BF4B-00C04F79EFBC}") = "leetcode", "leetcode\leetcode.csproj", "{55DCCBE5-7E13-41A0-BC47-3026DFD2BD28}"
EndProject
Project("{FAE04EC0-301F-11D3-BF4B-00C04F79EFBC}") = "DSA", "DSA\DSA.csproj", "{C998CE28-088D-49EF-BE86-900E6E6D99CE}"
EndProject
Project("{FAE04EC0-301F-11D3-BF4B-00C04F79EFBC}") = "DSATest", "DSATest\DSATest.csproj", "{6C6B693A-80CE-4D60-8D38-D3583B23D74B}"
EndProject
Global
	GlobalSection(SolutionConfigurationPlatforms) = preSolution
		Debug|Any CPU = Debug|Any CPU
		Release|Any CPU = Release|Any CPU
	EndGlobalSection
	GlobalSection(ProjectConfigurationPlatforms) = postSolution
		{55DCCBE5-7E13-41A0-BC47-3026DFD2BD28}.Debug|Any CPU.ActiveCfg = Debug|Any CPU
		{55DCCBE5-7E13-41A0-BC47-3026DFD2BD28}.Debug|Any CPU.Build.0 = Debug|Any CPU
		{55DCCBE5-7E13-41A0-BC47-3026DFD2BD28}.Release|Any CPU.ActiveCfg = Release|Any CPU
		{55DCCBE5-7E13-41A0-BC47-3026DFD2BD28}.Release|Any CPU.Build.0 = Release|Any CPU
		{C998CE28-088D-49EF-BE86-900E6E6D99CE}.Debug|Any CPU.ActiveCfg = Debug|Any CPU
		{C998CE28-088D-49EF-BE86-900E6E6D99CE}.Debug|Any CPU.Build.0 = Debug|Any CPU
		{C998CE28-088D-49EF-BE86-900E6E6D99CE}.Release|Any CPU.ActiveCfg = Release|Any CPU
		{C998CE28-088D-49EF-BE86-900E6E6D99CE}.Release|Any CPU.Build.0 = Release|Any CPU
		{6C6B693A-80CE-4D60-8D38-D3583B23D74B}.Debug|Any CPU.ActiveCfg = Debug|Any CPU
		{6C6B693A-80CE-4D60-8D38-D3583B23D74B}.Debug|Any CPU.Build.0 = Debug|Any CPU
		{6C6B693A-80CE-4D60-8D38-D3583B23D74B}.Release|Any CPU.ActiveCfg = Release|Any CPU
		{6C6B693A-80CE-4D60-8D38-D3583B23D74B}.Release|Any CPU.Build.0 = Release|Any CPU
	EndGlobalSection
EndGlobal
